
Microsoft Visual Studio Solution File, Format Version 12.00
# Visual Studio Version 16
VisualStudioVersion = 16.0.30011.22
MinimumVisualStudioVersion = 10.0.40219.1
Project("{FAE04EC0-301F-11D3-BF4B-00C04F79EFBC}") = "GrpcServer", "GrpcServer\GrpcServer.csproj", "{F7DF3940-89F9-480F-A0AE-0F2652BC044A}"
EndProject
Project("{FAE04EC0-301F-11D3-BF4B-00C04F79EFBC}") = "GrpcClient", "GrpcClient\GrpcClient.csproj", "{6C285EF2-8512-4902-AEBE-1545E956860D}"
EndProject
Global
	GlobalSection(SolutionConfigurationPlatforms) = preSolution
		Debug|Any CPU = Debug|Any CPU
		Release|Any CPU = Release|Any CPU
	EndGlobalSection
	GlobalSection(ProjectConfigurationPlatforms) = postSolution
		{F7DF3940-89F9-480F-A0AE-0F2652BC044A}.Debug|Any CPU.ActiveCfg = Debug|Any CPU
		{F7DF3940-89F9-480F-A0AE-0F2652BC044A}.Debug|Any CPU.Build.0 = Debug|Any CPU
		{F7DF3940-89F9-480F-A0AE-0F2652BC044A}.Release|Any CPU.ActiveCfg = Release|Any CPU
		{F7DF3940-89F9-480F-A0AE-0F2652BC044A}.Release|Any CPU.Build.0 = Release|Any CPU
		{6C285EF2-8512-4902-AEBE-1545E956860D}.Debug|Any CPU.ActiveCfg = Debug|Any CPU
		{6C285EF2-8512-4902-AEBE-1545E956860D}.Debug|Any CPU.Build.0 = Debug|Any CPU
		{6C285EF2-8512-4902-AEBE-1545E956860D}.Release|Any CPU.ActiveCfg = Release|Any CPU
		{6C285EF2-8512-4902-AEBE-1545E956860D}.Release|Any CPU.Build.0 = Release|Any CPU
	EndGlobalSection
	GlobalSection(SolutionProperties) = preSolution
		HideSolutionNode = FALSE
	EndGlobalSection
	GlobalSection(ExtensibilityGlobals) = postSolution
		SolutionGuid = {2C8CF0C8-14FD-4124-962C-192D4D055C8C}
	EndGlobalSection
EndGlobal
